
Microsoft Visual Studio Solution File, Format Version 12.00
# Visual Studio 15
VisualStudioVersion = 15.0.28307.271
MinimumVisualStudioVersion = 10.0.40219.1
Project("{2150E333-8FDC-42A3-9474-1A3956D46DE8}") = "BusinessTier", "BusinessTier", "{78DD2425-7EF5-40B8-AD3A-EBD520E595BC}"
EndProject
Project("{2150E333-8FDC-42A3-9474-1A3956D46DE8}") = "Api", "Api", "{E3FF8BCE-CCD5-4E0D-826A-37358DBAD6C0}"
EndProject
Project("{FAE04EC0-301F-11D3-BF4B-00C04F79EFBC}") = "WebApp", "WebApp\WebApp.csproj", "{9CF1150F-C9FD-4A85-9384-A523FCEAAFF7}"
EndProject
Project("{2150E333-8FDC-42A3-9474-1A3956D46DE8}") = "Tests", "Tests", "{9CE763C7-37CE-4795-BF5D-C4B086491386}"
EndProject
Project("{FAE04EC0-301F-11D3-BF4B-00C04F79EFBC}") = "Web.Api.Tests", "Web.Api.Tests\Web.Api.Tests.csproj", "{8D6939AB-3A8C-4D9C-BA10-FAC2EF685B0D}"
EndProject
Project("{FAE04EC0-301F-11D3-BF4B-00C04F79EFBC}") = "BusinessTier.Models", "BusinessTier.Models\BusinessTier.Models.csproj", "{708D0ED2-3F36-484C-8983-8763478CC9F9}"
EndProject
Project("{2150E333-8FDC-42A3-9474-1A3956D46DE8}") = "DataTier", "DataTier", "{50FEF1ED-AAE9-4843-B809-7A32108B9018}"
EndProject
Project("{FAE04EC0-301F-11D3-BF4B-00C04F79EFBC}") = "DataAccess", "DataAccess\DataAccess.csproj", "{01321C65-35DA-4323-B8C9-2CC1E20A162E}"
EndProject
Global
	GlobalSection(SolutionConfigurationPlatforms) = preSolution
		Debug|Any CPU = Debug|Any CPU
		Release|Any CPU = Release|Any CPU
	EndGlobalSection
	GlobalSection(ProjectConfigurationPlatforms) = postSolution
		{9CF1150F-C9FD-4A85-9384-A523FCEAAFF7}.Debug|Any CPU.ActiveCfg = Debug|Any CPU
		{9CF1150F-C9FD-4A85-9384-A523FCEAAFF7}.Debug|Any CPU.Build.0 = Debug|Any CPU
		{9CF1150F-C9FD-4A85-9384-A523FCEAAFF7}.Release|Any CPU.ActiveCfg = Release|Any CPU
		{9CF1150F-C9FD-4A85-9384-A523FCEAAFF7}.Release|Any CPU.Build.0 = Release|Any CPU
		{8D6939AB-3A8C-4D9C-BA10-FAC2EF685B0D}.Debug|Any CPU.ActiveCfg = Debug|Any CPU
		{8D6939AB-3A8C-4D9C-BA10-FAC2EF685B0D}.Debug|Any CPU.Build.0 = Debug|Any CPU
		{8D6939AB-3A8C-4D9C-BA10-FAC2EF685B0D}.Release|Any CPU.ActiveCfg = Release|Any CPU
		{8D6939AB-3A8C-4D9C-BA10-FAC2EF685B0D}.Release|Any CPU.Build.0 = Release|Any CPU
		{708D0ED2-3F36-484C-8983-8763478CC9F9}.Debug|Any CPU.ActiveCfg = Debug|Any CPU
		{708D0ED2-3F36-484C-8983-8763478CC9F9}.Debug|Any CPU.Build.0 = Debug|Any CPU
		{708D0ED2-3F36-484C-8983-8763478CC9F9}.Release|Any CPU.ActiveCfg = Release|Any CPU
		{708D0ED2-3F36-484C-8983-8763478CC9F9}.Release|Any CPU.Build.0 = Release|Any CPU
		{01321C65-35DA-4323-B8C9-2CC1E20A162E}.Debug|Any CPU.ActiveCfg = Debug|Any CPU
		{01321C65-35DA-4323-B8C9-2CC1E20A162E}.Debug|Any CPU.Build.0 = Debug|Any CPU
		{01321C65-35DA-4323-B8C9-2CC1E20A162E}.Release|Any CPU.ActiveCfg = Release|Any CPU
		{01321C65-35DA-4323-B8C9-2CC1E20A162E}.Release|Any CPU.Build.0 = Release|Any CPU
	EndGlobalSection
	GlobalSection(SolutionProperties) = preSolution
		HideSolutionNode = FALSE
	EndGlobalSection
	GlobalSection(NestedProjects) = preSolution
		{9CF1150F-C9FD-4A85-9384-A523FCEAAFF7} = {E3FF8BCE-CCD5-4E0D-826A-37358DBAD6C0}
		{8D6939AB-3A8C-4D9C-BA10-FAC2EF685B0D} = {9CE763C7-37CE-4795-BF5D-C4B086491386}
		{708D0ED2-3F36-484C-8983-8763478CC9F9} = {78DD2425-7EF5-40B8-AD3A-EBD520E595BC}
		{01321C65-35DA-4323-B8C9-2CC1E20A162E} = {50FEF1ED-AAE9-4843-B809-7A32108B9018}
	EndGlobalSection
	GlobalSection(ExtensibilityGlobals) = postSolution
		SolutionGuid = {BE235882-FAD0-4E82-A46A-83248DDC6DA9}
	EndGlobalSection
EndGlobal
